{
  "name": "sample01",
  "lockfileVersion": 2,
  "requires": true,
  "packages": {
    "": {
      "dependencies": {
        "mail": "^0.2.3",
        "slugify": "^1.6.5"
      }
    },
    "node_modules/mail": {
      "version": "0.2.3",
      "resolved": "https://registry.npmjs.org/mail/-/mail-0.2.3.tgz",
      "integrity": "sha1-Ht3+dLs41+v/YhGqkDumvq+W7CQ=",
      "dependencies": {
        "reparse": ">= 0.1.2"
      },
      "engines": {
        "node": ">= 0.4.0"
      }
    },
    "node_modules/reparse": {
      "version": "0.1.2",
      "resolved": "https://registry.npmjs.org/reparse/-/reparse-0.1.2.tgz",
      "integrity": "sha1-LR+lhfWBDTRs8yd6kQpg77VlXGY=",
      "engines": {
        "node": ">= 0.1.103"
      }
    },
    "node_modules/slugify": {
      "version": "1.6.5",
      "resolved": "https://registry.npmjs.org/slugify/-/slugify-1.6.5.tgz",
      "integrity": "sha512-8mo9bslnBO3tr5PEVFzMPIWwWnipGS0xVbYf65zxDqfNwmzYn1LpiKNrR6DlClusuvo+hDHd1zKpmfAe83NQSQ==",
      "engines": {
        "node": ">=8.0.0"
      }
    }
  },
  "dependencies": {
    "mail": {
      "version": "0.2.3",
      "resolved": "https://registry.npmjs.org/mail/-/mail-0.2.3.tgz",
      "integrity": "sha1-Ht3+dLs41+v/YhGqkDumvq+W7CQ=",
      "requires": {
        "reparse": ">= 0.1.2"
      }
    },
    "reparse": {
      "version": "0.1.2",
      "resolved": "https://registry.npmjs.org/reparse/-/reparse-0.1.2.tgz",
      "integrity": "sha1-LR+lhfWBDTRs8yd6kQpg77VlXGY="
    },
    "slugify": {
      "version": "1.6.5",
      "resolved": "https://registry.npmjs.org/slugify/-/slugify-1.6.5.tgz",
      "integrity": "sha512-8mo9bslnBO3tr5PEVFzMPIWwWnipGS0xVbYf65zxDqfNwmzYn1LpiKNrR6DlClusuvo+hDHd1zKpmfAe83NQSQ=="
    }
  }
}
